
Microsoft Visual Studio Solution File, Format Version 12.00
# Visual Studio Version 17
VisualStudioVersion = 17.0.32126.317
MinimumVisualStudioVersion = 10.0.40219.1
Project("{FAE04EC0-301F-11D3-BF4B-00C04F79EFBC}") = "ZoomParticipantChecker", "ZoomParticipantChecker\ZoomParticipantChecker.csproj", "{FDEC98EF-FBD6-4890-940D-36F46DCD31E1}"
EndProject
Project("{FAE04EC0-301F-11D3-BF4B-00C04F79EFBC}") = "ZoomParticipantCheckerTests", "ZoomParticipantCheckerTests\ZoomParticipantCheckerTests.csproj", "{5742D541-8987-480F-9A0E-142486B96238}"
EndProject
Global
	GlobalSection(SolutionConfigurationPlatforms) = preSolution
		Debug|Any CPU = Debug|Any CPU
		Release|Any CPU = Release|Any CPU
	EndGlobalSection
	GlobalSection(ProjectConfigurationPlatforms) = postSolution
		{FDEC98EF-FBD6-4890-940D-36F46DCD31E1}.Debug|Any CPU.ActiveCfg = Debug|Any CPU
		{FDEC98EF-FBD6-4890-940D-36F46DCD31E1}.Debug|Any CPU.Build.0 = Debug|Any CPU
		{FDEC98EF-FBD6-4890-940D-36F46DCD31E1}.Release|Any CPU.ActiveCfg = Release|Any CPU
		{FDEC98EF-FBD6-4890-940D-36F46DCD31E1}.Release|Any CPU.Build.0 = Release|Any CPU
		{5742D541-8987-480F-9A0E-142486B96238}.Debug|Any CPU.ActiveCfg = Debug|Any CPU
		{5742D541-8987-480F-9A0E-142486B96238}.Debug|Any CPU.Build.0 = Debug|Any CPU
		{5742D541-8987-480F-9A0E-142486B96238}.Release|Any CPU.ActiveCfg = Release|Any CPU
		{5742D541-8987-480F-9A0E-142486B96238}.Release|Any CPU.Build.0 = Release|Any CPU
	EndGlobalSection
	GlobalSection(SolutionProperties) = preSolution
		HideSolutionNode = FALSE
	EndGlobalSection
	GlobalSection(ExtensibilityGlobals) = postSolution
		SolutionGuid = {E6BAD0E8-1EDC-4F86-A278-BC368FAEB8C0}
	EndGlobalSection
EndGlobal
